
Microsoft Visual Studio Solution File, Format Version 12.00
# Visual Studio Version 17
VisualStudioVersion = 17.1.32421.90
MinimumVisualStudioVersion = 10.0.40219.1
Project("{9A19103F-16F7-4668-BE54-9A1E7A4F7556}") = "Fundoo_NotesWebApi", "Fundoo_NotesWebApi\Fundoo_NotesWebApi.csproj", "{A34F92D3-DFE4-48DB-AECB-DB10DAC6697C}"
EndProject
Project("{9A19103F-16F7-4668-BE54-9A1E7A4F7556}") = "BuisnessLayer", "BuisnessLayer\BuisnessLayer.csproj", "{1E26B68C-8CB5-497C-8542-30E652433F8E}"
EndProject
Project("{9A19103F-16F7-4668-BE54-9A1E7A4F7556}") = "DatabaseLayer", "DatabaseLayer\DatabaseLayer.csproj", "{CE96911A-8A38-4CD9-9775-9BBAABA49E7E}"
EndProject
Project("{9A19103F-16F7-4668-BE54-9A1E7A4F7556}") = "RepositoryLayer", "RepositoryLayer\RepositoryLayer.csproj", "{8663ADE8-2382-46EE-9F89-B515552E8E06}"
EndProject
Global
	GlobalSection(SolutionConfigurationPlatforms) = preSolution
		Debug|Any CPU = Debug|Any CPU
		Release|Any CPU = Release|Any CPU
	EndGlobalSection
	GlobalSection(ProjectConfigurationPlatforms) = postSolution
		{A34F92D3-DFE4-48DB-AECB-DB10DAC6697C}.Debug|Any CPU.ActiveCfg = Debug|Any CPU
		{A34F92D3-DFE4-48DB-AECB-DB10DAC6697C}.Debug|Any CPU.Build.0 = Debug|Any CPU
		{A34F92D3-DFE4-48DB-AECB-DB10DAC6697C}.Release|Any CPU.ActiveCfg = Release|Any CPU
		{A34F92D3-DFE4-48DB-AECB-DB10DAC6697C}.Release|Any CPU.Build.0 = Release|Any CPU
		{1E26B68C-8CB5-497C-8542-30E652433F8E}.Debug|Any CPU.ActiveCfg = Debug|Any CPU
		{1E26B68C-8CB5-497C-8542-30E652433F8E}.Debug|Any CPU.Build.0 = Debug|Any CPU
		{1E26B68C-8CB5-497C-8542-30E652433F8E}.Release|Any CPU.ActiveCfg = Release|Any CPU
		{1E26B68C-8CB5-497C-8542-30E652433F8E}.Release|Any CPU.Build.0 = Release|Any CPU
		{CE96911A-8A38-4CD9-9775-9BBAABA49E7E}.Debug|Any CPU.ActiveCfg = Debug|Any CPU
		{CE96911A-8A38-4CD9-9775-9BBAABA49E7E}.Debug|Any CPU.Build.0 = Debug|Any CPU
		{CE96911A-8A38-4CD9-9775-9BBAABA49E7E}.Release|Any CPU.ActiveCfg = Release|Any CPU
		{CE96911A-8A38-4CD9-9775-9BBAABA49E7E}.Release|Any CPU.Build.0 = Release|Any CPU
		{8663ADE8-2382-46EE-9F89-B515552E8E06}.Debug|Any CPU.ActiveCfg = Debug|Any CPU
		{8663ADE8-2382-46EE-9F89-B515552E8E06}.Debug|Any CPU.Build.0 = Debug|Any CPU
		{8663ADE8-2382-46EE-9F89-B515552E8E06}.Release|Any CPU.ActiveCfg = Release|Any CPU
		{8663ADE8-2382-46EE-9F89-B515552E8E06}.Release|Any CPU.Build.0 = Release|Any CPU
	EndGlobalSection
	GlobalSection(SolutionProperties) = preSolution
		HideSolutionNode = FALSE
	EndGlobalSection
	GlobalSection(ExtensibilityGlobals) = postSolution
		SolutionGuid = {CDAA89A2-475A-44BF-8A01-960CEC400F9A}
	EndGlobalSection
EndGlobal
